
Microsoft Visual Studio Solution File, Format Version 12.00
# Visual Studio Version 17
VisualStudioVersion = 17.5.33424.131
MinimumVisualStudioVersion = 10.0.40219.1
Project("{FAE04EC0-301F-11D3-BF4B-00C04F79EFBC}") = "DevOps", "DevOps.csproj", "{20614674-26AB-4B77-A7EE-985D80DEC128}"
EndProject
Global
	GlobalSection(SolutionConfigurationPlatforms) = preSolution
		Debug|Any CPU = Debug|Any CPU
		Release|Any CPU = Release|Any CPU
	EndGlobalSection
	GlobalSection(ProjectConfigurationPlatforms) = postSolution
		{20614674-26AB-4B77-A7EE-985D80DEC128}.Debug|Any CPU.ActiveCfg = Debug|Any CPU
		{20614674-26AB-4B77-A7EE-985D80DEC128}.Debug|Any CPU.Build.0 = Debug|Any CPU
		{20614674-26AB-4B77-A7EE-985D80DEC128}.Release|Any CPU.ActiveCfg = Release|Any CPU
		{20614674-26AB-4B77-A7EE-985D80DEC128}.Release|Any CPU.Build.0 = Release|Any CPU
	EndGlobalSection
	GlobalSection(SolutionProperties) = preSolution
		HideSolutionNode = FALSE
	EndGlobalSection
	GlobalSection(ExtensibilityGlobals) = postSolution
		SolutionGuid = {8B1D252A-0CD2-4CB0-A288-4ED7EE90C86F}
	EndGlobalSection
EndGlobal
